github.com/klauspost/compress v1.18.2 h1:iiPHWW0YrcFgpBYhsA6D1+fqHssJscY/Tm/y2Uqnapk=
github.com/klauspost/compress v1.18.2/go.mod h1:R0h/fSBs8DE4ENlcrlib3PsXS61voFxhIs2DeRhCvJ4=
github.com/mrjoshuak/go-jpeg2000 v1.5.0 h1:Vfibo5ZK5X9+hUKQvZQiKvROf9tXm7DR7P+fitJtv+g=
github.com/mrjoshuak/go-jpeg2000 v1.5.0/go.mod h1:Zvb2bdmP52/rpmJOuzMo1HQR75zex//CvqEvopdTweo=
